
Microsoft Visual Studio Solution File, Format Version 12.00
# Visual Studio 15
VisualStudioVersion = 15.0.26430.14
MinimumVisualStudioVersion = 10.0.40219.1
Project("{FAE04EC0-301F-11D3-BF4B-00C04F79EFBC}") = "jl.web.test", "jl.web.test\jl.web.test.csproj", "{274EF98F-4990-491C-8FF2-FBDEE1D57E15}"
EndProject
Project("{FAE04EC0-301F-11D3-BF4B-00C04F79EFBC}") = "jl.core", "jl.core\jl.core.csproj", "{F31641BD-B28E-4D20-9921-71F545CA73FA}"
EndProject
Project("{FAE04EC0-301F-11D3-BF4B-00C04F79EFBC}") = "jl.web", "jl.web\jl.web.csproj", "{C80CA482-46F6-4485-A026-88C26B90625E}"
EndProject
Project("{FAE04EC0-301F-11D3-BF4B-00C04F79EFBC}") = "jl.infrastructure", "jl.infrastructure\jl.infrastructure.csproj", "{208C9F8D-B9EE-4BBB-B4A8-454CAF09BD95}"
EndProject
Project("{FAE04EC0-301F-11D3-BF4B-00C04F79EFBC}") = "jl.core.repositories", "jl.core.repositories\jl.core.repositories.csproj", "{21D9E691-96B1-457B-BA70-8AB0CF679E03}"
EndProject
Global
	GlobalSection(SolutionConfigurationPlatforms) = preSolution
		Debug|Any CPU = Debug|Any CPU
		Release|Any CPU = Release|Any CPU
	EndGlobalSection
	GlobalSection(ProjectConfigurationPlatforms) = postSolution
		{274EF98F-4990-491C-8FF2-FBDEE1D57E15}.Debug|Any CPU.ActiveCfg = Debug|Any CPU
		{274EF98F-4990-491C-8FF2-FBDEE1D57E15}.Debug|Any CPU.Build.0 = Debug|Any CPU
		{274EF98F-4990-491C-8FF2-FBDEE1D57E15}.Release|Any CPU.ActiveCfg = Release|Any CPU
		{274EF98F-4990-491C-8FF2-FBDEE1D57E15}.Release|Any CPU.Build.0 = Release|Any CPU
		{F31641BD-B28E-4D20-9921-71F545CA73FA}.Debug|Any CPU.ActiveCfg = Debug|Any CPU
		{F31641BD-B28E-4D20-9921-71F545CA73FA}.Debug|Any CPU.Build.0 = Debug|Any CPU
		{F31641BD-B28E-4D20-9921-71F545CA73FA}.Release|Any CPU.ActiveCfg = Release|Any CPU
		{F31641BD-B28E-4D20-9921-71F545CA73FA}.Release|Any CPU.Build.0 = Release|Any CPU
		{C80CA482-46F6-4485-A026-88C26B90625E}.Debug|Any CPU.ActiveCfg = Debug|Any CPU
		{C80CA482-46F6-4485-A026-88C26B90625E}.Debug|Any CPU.Build.0 = Debug|Any CPU
		{C80CA482-46F6-4485-A026-88C26B90625E}.Release|Any CPU.ActiveCfg = Release|Any CPU
		{C80CA482-46F6-4485-A026-88C26B90625E}.Release|Any CPU.Build.0 = Release|Any CPU
		{208C9F8D-B9EE-4BBB-B4A8-454CAF09BD95}.Debug|Any CPU.ActiveCfg = Debug|Any CPU
		{208C9F8D-B9EE-4BBB-B4A8-454CAF09BD95}.Debug|Any CPU.Build.0 = Debug|Any CPU
		{208C9F8D-B9EE-4BBB-B4A8-454CAF09BD95}.Release|Any CPU.ActiveCfg = Release|Any CPU
		{208C9F8D-B9EE-4BBB-B4A8-454CAF09BD95}.Release|Any CPU.Build.0 = Release|Any CPU
		{21D9E691-96B1-457B-BA70-8AB0CF679E03}.Debug|Any CPU.ActiveCfg = Debug|Any CPU
		{21D9E691-96B1-457B-BA70-8AB0CF679E03}.Debug|Any CPU.Build.0 = Debug|Any CPU
		{21D9E691-96B1-457B-BA70-8AB0CF679E03}.Release|Any CPU.ActiveCfg = Release|Any CPU
		{21D9E691-96B1-457B-BA70-8AB0CF679E03}.Release|Any CPU.Build.0 = Release|Any CPU
	EndGlobalSection
	GlobalSection(SolutionProperties) = preSolution
		HideSolutionNode = FALSE
	EndGlobalSection
EndGlobal
